
Microsoft Visual Studio Solution File, Format Version 12.00
Project("{FAE04EC0-301F-11D3-BF4B-00C04F79EFBC}") = "AspireSolutionWithNUnit.AppHost", "AspireSolutionWithNUnit.AppHost\AspireSolutionWithNUnit.AppHost.csproj", "{2E03B282-6801-496D-A75F-9756B47EE73D}"
EndProject
Project("{FAE04EC0-301F-11D3-BF4B-00C04F79EFBC}") = "AspireSolutionWithNUnit.ServiceDefaults", "AspireSolutionWithNUnit.ServiceDefaults\AspireSolutionWithNUnit.ServiceDefaults.csproj", "{3F312B3F-7C1A-42F4-BCA1-810D5E12258F}"
EndProject
Project("{FAE04EC0-301F-11D3-BF4B-00C04F79EFBC}") = "AspireSolutionWithNUnit.ApiService", "AspireSolutionWithNUnit.ApiService\AspireSolutionWithNUnit.ApiService.csproj", "{2F022D92-C6D7-45D4-8F91-07FB8DC6D00D}"
EndProject
Project("{FAE04EC0-301F-11D3-BF4B-00C04F79EFBC}") = "AspireSolutionWithNUnit.Web", "AspireSolutionWithNUnit.Web\AspireSolutionWithNUnit.Web.csproj", "{C93130A5-B327-4C34-9652-00ECD9CCE879}"
EndProject
Project("{FAE04EC0-301F-11D3-BF4B-00C04F79EFBC}") = "AspireSolutionWithNUnit.Tests", "AspireSolutionWithNUnit.Tests\AspireSolutionWithNUnit.Tests.csproj", "{51D8E7F4-E513-41EE-93E6-69A75933C4CB}"
EndProject
Global
	GlobalSection(SolutionConfigurationPlatforms) = preSolution
		Debug|Any CPU = Debug|Any CPU
		Release|Any CPU = Release|Any CPU
	EndGlobalSection
	GlobalSection(ProjectConfigurationPlatforms) = postSolution
		{2E03B282-6801-496D-A75F-9756B47EE73D}.Debug|Any CPU.ActiveCfg = Debug|Any CPU
		{2E03B282-6801-496D-A75F-9756B47EE73D}.Debug|Any CPU.Build.0 = Debug|Any CPU
		{2E03B282-6801-496D-A75F-9756B47EE73D}.Release|Any CPU.ActiveCfg = Release|Any CPU
		{2E03B282-6801-496D-A75F-9756B47EE73D}.Release|Any CPU.Build.0 = Release|Any CPU
		{3F312B3F-7C1A-42F4-BCA1-810D5E12258F}.Debug|Any CPU.ActiveCfg = Debug|Any CPU
		{3F312B3F-7C1A-42F4-BCA1-810D5E12258F}.Debug|Any CPU.Build.0 = Debug|Any CPU
		{3F312B3F-7C1A-42F4-BCA1-810D5E12258F}.Release|Any CPU.ActiveCfg = Release|Any CPU
		{3F312B3F-7C1A-42F4-BCA1-810D5E12258F}.Release|Any CPU.Build.0 = Release|Any CPU
		{2F022D92-C6D7-45D4-8F91-07FB8DC6D00D}.Debug|Any CPU.ActiveCfg = Debug|Any CPU
		{2F022D92-C6D7-45D4-8F91-07FB8DC6D00D}.Debug|Any CPU.Build.0 = Debug|Any CPU
		{2F022D92-C6D7-45D4-8F91-07FB8DC6D00D}.Release|Any CPU.ActiveCfg = Release|Any CPU
		{2F022D92-C6D7-45D4-8F91-07FB8DC6D00D}.Release|Any CPU.Build.0 = Release|Any CPU
		{C93130A5-B327-4C34-9652-00ECD9CCE879}.Debug|Any CPU.ActiveCfg = Debug|Any CPU
		{C93130A5-B327-4C34-9652-00ECD9CCE879}.Debug|Any CPU.Build.0 = Debug|Any CPU
		{C93130A5-B327-4C34-9652-00ECD9CCE879}.Release|Any CPU.ActiveCfg = Release|Any CPU
		{C93130A5-B327-4C34-9652-00ECD9CCE879}.Release|Any CPU.Build.0 = Release|Any CPU
		{51D8E7F4-E513-41EE-93E6-69A75933C4CB}.Debug|Any CPU.ActiveCfg = Debug|Any CPU
		{51D8E7F4-E513-41EE-93E6-69A75933C4CB}.Debug|Any CPU.Build.0 = Debug|Any CPU
		{51D8E7F4-E513-41EE-93E6-69A75933C4CB}.Release|Any CPU.ActiveCfg = Release|Any CPU
		{51D8E7F4-E513-41EE-93E6-69A75933C4CB}.Release|Any CPU.Build.0 = Release|Any CPU
	EndGlobalSection
EndGlobal
