
Microsoft Visual Studio Solution File, Format Version 12.00
Project("{FAE04EC0-301F-11D3-BF4B-00C04F79EFBC}") = "FunctionAspireApp.AppHost", "FunctionAspireApp.AppHost\FunctionAspireApp.AppHost.csproj", "{0584CC31-C7FF-448A-8761-C86B44064F67}"
EndProject
Project("{FAE04EC0-301F-11D3-BF4B-00C04F79EFBC}") = "FunctionAspireApp.ServiceDefaults", "FunctionAspireApp.ServiceDefaults\FunctionAspireApp.ServiceDefaults.csproj", "{FAD1E16D-A9DF-4754-AFAA-AEB9C2B020DB}"
EndProject
Project("{FAE04EC0-301F-11D3-BF4B-00C04F79EFBC}") = "FunctionAspireApp.FunctionApp", "FunctionAspireApp.FunctionApp\FunctionAspireApp.FunctionApp.csproj", "{B59EA9D8-F928-4056-84F6-8D929EB2BCCC}"
EndProject
Global
	GlobalSection(SolutionConfigurationPlatforms) = preSolution
		Debug|Any CPU = Debug|Any CPU
		Release|Any CPU = Release|Any CPU
	EndGlobalSection
	GlobalSection(ProjectConfigurationPlatforms) = postSolution
		{0584CC31-C7FF-448A-8761-C86B44064F67}.Debug|Any CPU.ActiveCfg = Debug|Any CPU
		{0584CC31-C7FF-448A-8761-C86B44064F67}.Debug|Any CPU.Build.0 = Debug|Any CPU
		{0584CC31-C7FF-448A-8761-C86B44064F67}.Release|Any CPU.ActiveCfg = Release|Any CPU
		{0584CC31-C7FF-448A-8761-C86B44064F67}.Release|Any CPU.Build.0 = Release|Any CPU
		{FAD1E16D-A9DF-4754-AFAA-AEB9C2B020DB}.Debug|Any CPU.ActiveCfg = Debug|Any CPU
		{FAD1E16D-A9DF-4754-AFAA-AEB9C2B020DB}.Debug|Any CPU.Build.0 = Debug|Any CPU
		{FAD1E16D-A9DF-4754-AFAA-AEB9C2B020DB}.Release|Any CPU.ActiveCfg = Release|Any CPU
		{FAD1E16D-A9DF-4754-AFAA-AEB9C2B020DB}.Release|Any CPU.Build.0 = Release|Any CPU
		{B59EA9D8-F928-4056-84F6-8D929EB2BCCC}.Debug|Any CPU.ActiveCfg = Debug|Any CPU
		{B59EA9D8-F928-4056-84F6-8D929EB2BCCC}.Debug|Any CPU.Build.0 = Debug|Any CPU
		{B59EA9D8-F928-4056-84F6-8D929EB2BCCC}.Release|Any CPU.ActiveCfg = Release|Any CPU
		{B59EA9D8-F928-4056-84F6-8D929EB2BCCC}.Release|Any CPU.Build.0 = Release|Any CPU
	EndGlobalSection
EndGlobal
