
Microsoft Visual Studio Solution File, Format Version 12.00
Project("{FAE04EC0-301F-11D3-BF4B-00C04F79EFBC}") = "DefaultMauiSolution", "DefaultMauiSolution\DefaultMauiSolution.csproj", "{B58ACB7A-DA9C-4769-8CC5-9ABC53B5D181}"
EndProject
Global
	GlobalSection(SolutionConfigurationPlatforms) = preSolution
		Debug|Any CPU = Debug|Any CPU
		Release|Any CPU = Release|Any CPU
	EndGlobalSection
	GlobalSection(ProjectConfigurationPlatforms) = postSolution
		{B58ACB7A-DA9C-4769-8CC5-9ABC53B5D181}.Debug|Any CPU.ActiveCfg = Debug|Any CPU
		{B58ACB7A-DA9C-4769-8CC5-9ABC53B5D181}.Debug|Any CPU.Build.0 = Debug|Any CPU
		{B58ACB7A-DA9C-4769-8CC5-9ABC53B5D181}.Release|Any CPU.ActiveCfg = Release|Any CPU
		{B58ACB7A-DA9C-4769-8CC5-9ABC53B5D181}.Release|Any CPU.Build.0 = Release|Any CPU
	EndGlobalSection
EndGlobal
