
Microsoft Visual Studio Solution File, Format Version 12.00
Project("{FAE04EC0-301F-11D3-BF4B-00C04F79EFBC}") = "DefaultAspNetCoreSolution", "DefaultAspNetCoreSolution\DefaultAspNetCoreSolution.csproj", "{D4F9B362-DE3F-4238-B950-D04185FD51FE}"
EndProject
Global
	GlobalSection(SolutionConfigurationPlatforms) = preSolution
		Debug|Any CPU = Debug|Any CPU
		Release|Any CPU = Release|Any CPU
	EndGlobalSection
	GlobalSection(ProjectConfigurationPlatforms) = postSolution
		{D4F9B362-DE3F-4238-B950-D04185FD51FE}.Debug|Any CPU.ActiveCfg = Debug|Any CPU
		{D4F9B362-DE3F-4238-B950-D04185FD51FE}.Debug|Any CPU.Build.0 = Debug|Any CPU
		{D4F9B362-DE3F-4238-B950-D04185FD51FE}.Release|Any CPU.ActiveCfg = Release|Any CPU
		{D4F9B362-DE3F-4238-B950-D04185FD51FE}.Release|Any CPU.Build.0 = Release|Any CPU
	EndGlobalSection
EndGlobal
